
Microsoft Visual Studio Solution File, Format Version 12.00
# Visual Studio Version 17
VisualStudioVersion = 17.14.37216.2 d17.14
MinimumVisualStudioVersion = 10.0.40219.1
Project("{FAE04EC0-301F-11D3-BF4B-00C04F79EFBC}") = "CluttAncient", "CluttAncient\CluttAncient.csproj", "{D1B337C3-405E-4273-8543-5F33A8C2EA7B}"
EndProject
Global
	GlobalSection(SolutionConfigurationPlatforms) = preSolution
		Debug|Any CPU = Debug|Any CPU
		Release|Any CPU = Release|Any CPU
	EndGlobalSection
	GlobalSection(ProjectConfigurationPlatforms) = postSolution
		{D1B337C3-405E-4273-8543-5F33A8C2EA7B}.Debug|Any CPU.ActiveCfg = Debug|Any CPU
		{D1B337C3-405E-4273-8543-5F33A8C2EA7B}.Debug|Any CPU.Build.0 = Debug|Any CPU
		{D1B337C3-405E-4273-8543-5F33A8C2EA7B}.Release|Any CPU.ActiveCfg = Release|Any CPU
		{D1B337C3-405E-4273-8543-5F33A8C2EA7B}.Release|Any CPU.Build.0 = Release|Any CPU
	EndGlobalSection
	GlobalSection(SolutionProperties) = preSolution
		HideSolutionNode = FALSE
	EndGlobalSection
	GlobalSection(ExtensibilityGlobals) = postSolution
		SolutionGuid = {B40228F0-1F81-4F65-AC38-EEE04FEE641A}
	EndGlobalSection
EndGlobal
